# This file is autogenerated, do not edit; changes may be undone by the next 'dep ensure'.


[[projects]]
  name = "github.com/go-test/deep"
  packages = ["."]
  revision = "6592d9cc0a499ad2d5f574fde80a2b5c5cc3b4f5"
  version = "v1.0.1"

[[projects]]
  branch = "custom-tags-2"
  name = "github.com/wryun/yaml"
  packages = ["."]
  revision = "6fae00f666ca4d3cf57fc0ca975ab4fd4b076a18"

[[projects]]
  branch = "master"
  name = "github.com/xeipuuv/gojsonpointer"
  packages = ["."]
  revision = "4e3ac2762d5f479393488629ee9370b50873b3a6"

[[projects]]
  branch = "master"
  name = "github.com/xeipuuv/gojsonreference"
  packages = ["."]
  revision = "bd5ef7bd5415a7ac448318e64f11a24cd21e594b"

[[projects]]
  branch = "master"
  name = "github.com/xeipuuv/gojsonschema"
  packages = ["."]
  revision = "70e59348c29403c606624cd201e79769d6657db8"

[solve-meta]
  analyzer-name = "dep"
  analyzer-version = 1
  inputs-digest = "714b08e24ccc931673afc3f37e883b94ab34662f54961780a01cfc6bbec418fb"
  solver-name = "gps-cdcl"
  solver-version = 1
