# This file is autogenerated, do not edit; changes may be undone by the next 'dep ensure'.


[[projects]]
  branch = "devel"
  name = "github.com/go-yaml/yaml"
  packages = ["."]
  revision = "a64b8214730256be97296f5ff52587aa78769445"

[[projects]]
  branch = "master"
  name = "github.com/xeipuuv/gojsonpointer"
  packages = ["."]
  revision = "6fe8760cad3569743d51ddbb243b26f8456742dc"

[[projects]]
  branch = "master"
  name = "github.com/xeipuuv/gojsonreference"
  packages = ["."]
  revision = "e02fc20de94c78484cd5ffb007f8af96be030a45"

[[projects]]
  branch = "master"
  name = "github.com/xeipuuv/gojsonschema"
  packages = ["."]
  revision = "511d08a359d14c0dd9c4302af52ee9abb6f93c2a"

[solve-meta]
  analyzer-name = "dep"
  analyzer-version = 1
  inputs-digest = "630324185f8af52d7315292ac8a08f27c263615263b25f0bbbf26213758d02dd"
  solver-name = "gps-cdcl"
  solver-version = 1
